// !$*UTF8*$!
{
	archiveVersion = 1;
	classes = {
	};
	objectVersion = 50;
	objects = {

/* Begin PBXBuildFile section */
		BF6616E5260B84F900A3CB21 /* AppDelegate.swift in Sources */ = {isa = PBXBuildFile; fileRef = BF6616E4260B84F900A3CB21 /* AppDelegate.swift */; };
		BF6616E7260B84F900A3CB21 /* SceneDelegate.swift in Sources */ = {isa = PBXBuildFile; fileRef = BF6616E6260B84F900A3CB21 /* SceneDelegate.swift */; };
		BF6616E9260B84F900A3CB21 /* ViewController.swift in Sources */ = {isa = PBXBuildFile; fileRef = BF6616E8260B84F900A3CB21 /* ViewController.swift */; };
		BF6616EC260B84F900A3CB21 /* Main.storyboard in Resources */ = {isa = PBXBuildFile; fileRef = BF6616EA260B84F900A3CB21 /* Main.storyboard */; };
		BF6616EE260B84FB00A3CB21 /* Assets.xcassets in Resources */ = {isa = PBXBuildFile; fileRef = BF6616ED260B84FB00A3CB21 /* Assets.xcassets */; };
		BF6616F1260B84FB00A3CB21 /* LaunchScreen.storyboard in Resources */ = {isa = PBXBuildFile; fileRef = BF6616EF260B84FB00A3CB21 /* LaunchScreen.storyboard */; };
		BF6616FB260B8DC300A3CB21 /* Game.swift in Sources */ = {isa = PBXBuildFile; fileRef = BF6616FA260B8DC300A3CB21 /* Game.swift */; };
/* End PBXBuildFile section */

/* Begin PBXFileReference section */
		BF6616E1260B84F900A3CB21 /* Tairi_ApplePie.app */ = {isa = PBXFileReference; explicitFileType = wrapper.application; includeInIndex = 0; path = Tairi_ApplePie.app; sourceTree = BUILT_PRODUCTS_DIR; };
		BF6616E4260B84F900A3CB21 /* AppDelegate.swift */ = {isa = PBXFileReference; lastKnownFileType = sourcecode.swift; path = AppDelegate.swift; sourceTree = "<group>"; };
		BF6616E6260B84F900A3CB21 /* SceneDelegate.swift */ = {isa = PBXFileReference; lastKnownFileType = sourcecode.swift; path = SceneDelegate.swift; sourceTree = "<group>"; };
		BF6616E8260B84F900A3CB21 /* ViewController.swift */ = {isa = PBXFileReference; lastKnownFileType = sourcecode.swift; path = ViewController.swift; sourceTree = "<group>"; };
		BF6616EB260B84F900A3CB21 /* Base */ = {isa = PBXFileReference; lastKnownFileType = file.storyboard; name = Base; path = Base.lproj/Main.storyboard; sourceTree = "<group>"; };
		BF6616ED260B84FB00A3CB21 /* Assets.xcassets */ = {isa = PBXFileReference; lastKnownFileType = folder.assetcatalog; path = Assets.xcassets; sourceTree = "<group>"; };
		BF6616F0260B84FB00A3CB21 /* Base */ = {isa = PBXFileReference; lastKnownFileType = file.storyboard; name = Base; path = Base.lproj/LaunchScreen.storyboard; sourceTree = "<group>"; };
		BF6616F2260B84FB00A3CB21 /* Info.plist */ = {isa = PBXFileReference; lastKnownFileType = text.plist.xml; path = Info.plist; sourceTree = "<group>"; };
		BF6616FA260B8DC300A3CB21 /* Game.swift */ = {isa = PBXFileReference; lastKnownFileType = sourcecode.swift; path = Game.swift; sourceTree = "<group>"; };
/* End PBXFileReference section */

/* Begin PBXFrameworksBuildPhase section */
		BF6616DE260B84F900A3CB21 /* Frameworks */ = {
			isa = PBXFrameworksBuildPhase;
			buildActionMask = 2147483647;
			files = (
			);
			runOnlyForDeploymentPostprocessing = 0;
		};
/* End PBXFrameworksBuildPhase section */

/* Begin PBXGroup section */
		BF6616D8260B84F900A3CB21 = {
			isa = PBXGroup;
			children = (
				BF6616E3260B84F900A3CB21 /* Tairi_ApplePie */,
				BF6616E2260B84F900A3CB21 /* Products */,
			);
			sourceTree = "<group>";
		};
		BF6616E2260B84F900A3CB21 /* Products */ = {
			isa = PBXGroup;
			children = (
				BF6616E1260B84F900A3CB21 /* Tairi_ApplePie.app */,
			);
			name = Products;
			sourceTree = "<group>";
		};
		BF6616E3260B84F900A3CB21 /* Tairi_ApplePie */ = {
			isa = PBXGroup;
			children = (
				BF6616E4260B84F900A3CB21 /* AppDelegate.swift */,
				BF6616E6260B84F900A3CB21 /* SceneDelegate.swift */,
				BF6616E8260B84F900A3CB21 /* ViewController.swift */,
				BF6616FA260B8DC300A3CB21 /* Game.swift */,
				BF6616EA260B84F900A3CB21 /* Main.storyboard */,
				BF6616ED260B84FB00A3CB21 /* Assets.xcassets */,
				BF6616EF260B84FB00A3CB21 /* LaunchScreen.storyboard */,
				BF6616F2260B84FB00A3CB21 /* Info.plist */,
			);
			path = Tairi_ApplePie;
			sourceTree = "<group>";
		};
/* End PBXGroup section */

/* Begin PBXNativeTarget section */
		BF6616E0260B84F900A3CB21 /* Tairi_ApplePie */ = {
			isa = PBXNativeTarget;
			buildConfigurationList = BF6616F5260B84FB00A3CB21 /* Build configuration list for PBXNativeTarget "Tairi_ApplePie" */;
			buildPhases = (
				BF6616DD260B84F900A3CB21 /* Sources */,
				BF6616DE260B84F900A3CB21 /* Frameworks */,
				BF6616DF260B84F900A3CB21 /* Resources */,
			);
			buildRules = (
			);
			dependencies = (
			);
			name = Tairi_ApplePie;
			productName = Tairi_ApplePie;
			productReference = BF6616E1260B84F900A3CB21 /* Tairi_ApplePie.app */;
			productType = "com.apple.product-type.application";
		};
/* End PBXNativeTarget section */

/* Begin PBXProject section */
		BF6616D9260B84F900A3CB21 /* Project object */ = {
			isa = PBXProject;
			attributes = {
				LastSwiftUpdateCheck = 1200;
				LastUpgradeCheck = 1200;
				TargetAttributes = {
					BF6616E0260B84F900A3CB21 = {
						CreatedOnToolsVersion = 12.0.1;
					};
				};
			};
			buildConfigurationList = BF6616DC260B84F900A3CB21 /* Build configuration list for PBXProject "Tairi_ApplePie" */;
			compatibilityVersion = "Xcode 9.3";
			developmentRegion = en;
			hasScannedForEncodings = 0;
			knownRegions = (
				en,
				Base,
			);
			mainGroup = BF6616D8260B84F900A3CB21;
			productRefGroup = BF6616E2260B84F900A3CB21 /* Products */;
			projectDirPath = "";
			projectRoot = "";
			targets = (
				BF6616E0260B84F900A3CB21 /* Tairi_ApplePie */,
			);
		};
/* End PBXProject section */

/* Begin PBXResourcesBuildPhase section */
		BF6616DF260B84F900A3CB21 /* Resources */ = {
			isa = PBXResourcesBuildPhase;
			buildActionMask = 2147483647;
			files = (
				BF6616F1260B84FB00A3CB21 /* LaunchScreen.storyboard in Resources */,
				BF6616EE260B84FB00A3CB21 /* Assets.xcassets in Resources */,
				BF6616EC260B84F900A3CB21 /* Main.storyboard in Resources */,
			);
			runOnlyForDeploymentPostprocessing = 0;
		};
/* End PBXResourcesBuildPhase section */

/* Begin PBXSourcesBuildPhase section */
		BF6616DD260B84F900A3CB21 /* Sources */ = {
			isa = PBXSourcesBuildPhase;
			buildActionMask = 2147483647;
			files = (
				BF6616E9260B84F900A3CB21 /* ViewController.swift in Sources */,
				BF6616E5260B84F900A3CB21 /* AppDelegate.swift in Sources */,
				BF6616E7260B84F900A3CB21 /* SceneDelegate.swift in Sources */,
				BF6616FB260B8DC300A3CB21 /* Game.swift in Sources */,
			);
			runOnlyForDeploymentPostprocessing = 0;
		};
/* End PBXSourcesBuildPhase section */

/* Begin PBXVariantGroup section */
		BF6616EA260B84F900A3CB21 /* Main.storyboard */ = {
			isa = PBXVariantGroup;
			children = (
				BF6616EB260B84F900A3CB21 /* Base */,
			);
			name = Main.storyboard;
			sourceTree = "<group>";
		};
		BF6616EF260B84FB00A3CB21 /* LaunchScreen.storyboard */ = {
			isa = PBXVariantGroup;
			children = (
				BF6616F0260B84FB00A3CB21 /* Base */,
			);
			name = LaunchScreen.storyboard;
			sourceTree = "<group>";
		};
/* End PBXVariantGroup section */

/* Begin XCBuildConfiguration section */
		BF6616F3260B84FB00A3CB21 /* Debug */ = {
			isa = XCBuildConfiguration;
			buildSettings = {
				ALWAYS_SEARCH_USER_PATHS = NO;
				CLANG_ANALYZER_NONNULL = YES;
				CLANG_ANALYZER_NUMBER_OBJECT_CONVERSION = YES_AGGRESSIVE;
				CLANG_CXX_LANGUAGE_STANDARD = "gnu++14";
				CLANG_CXX_LIBRARY = "libc++";
				CLANG_ENABLE_MODULES = YES;
				CLANG_ENABLE_OBJC_ARC = YES;
				CLANG_ENABLE_OBJC_WEAK = YES;
				CLANG_WARN_BLOCK_CAPTURE_AUTORELEASING = YES;
				CLANG_WARN_BOOL_CONVERSION = YES;
				CLANG_WARN_COMMA = YES;
				CLANG_WARN_CONSTANT_CONVERSION = YES;
				CLANG_WARN_DEPRECATED_OBJC_IMPLEMENTATIONS = YES;
				CLANG_WARN_DIRECT_OBJC_ISA_USAGE = YES_ERROR;
				CLANG_WARN_DOCUMENTATION_COMMENTS = YES;
				CLANG_WARN_EMPTY_BODY = YES;
				CLANG_WARN_ENUM_CONVERSION = YES;
				CLANG_WARN_INFINITE_RECURSION = YES;
				CLANG_WARN_INT_CONVERSION = YES;
				CLANG_WARN_NON_LITERAL_NULL_CONVERSION = YES;
				CLANG_WARN_OBJC_IMPLICIT_RETAIN_SELF = YES;
				CLANG_WARN_OBJC_LITERAL_CONVERSION = YES;
				CLANG_WARN_OBJC_ROOT_CLASS = YES_ERROR;
				CLANG_WARN_QUOTED_INCLUDE_IN_FRAMEWORK_HEADER = YES;
				CLANG_WARN_RANGE_LOOP_ANALYSIS = YES;
				CLANG_WARN_STRICT_PROTOTYPES = YES;
				CLANG_WARN_SUSPICIOUS_MOVE = YES;
				CLANG_WARN_UNGUARDED_AVAILABILITY = YES_AGGRESSIVE;
				CLANG_WARN_UNREACHABLE_CODE = YES;
				CLANG_WARN__DUPLICATE_METHOD_MATCH = YES;
				COPY_PHASE_STRIP = NO;
				DEBUG_INFORMATION_FORMAT = dwarf;
				ENABLE_STRICT_OBJC_MSGSEND = YES;
				ENABLE_TESTABILITY = YES;
				GCC_C_LANGUAGE_STANDARD = gnu11;
				GCC_DYNAMIC_NO_PIC = NO;
				GCC_NO_COMMON_BLOCKS = YES;
				GCC_OPTIMIZATION_LEVEL = 0;
				GCC_PREPROCESSOR_DEFINITIONS = (
					"DEBUG=1",
					"$(inherited)",
				);
				GCC_WARN_64_TO_32_BIT_CONVERSION = YES;
				GCC_WARN_ABOUT_RETURN_TYPE = YES_ERROR;
				GCC_WARN_UNDECLARED_SELECTOR = YES;
				GCC_WARN_UNINITIALIZED_AUTOS = YES_AGGRESSIVE;
				GCC_WARN_UNUSED_FUNCTION = YES;
				GCC_WARN_UNUSED_VARIABLE = YES;
				IPHONEOS_DEPLOYMENT_TARGET = 14.0;
				MTL_ENABLE_DEBUG_INFO = INCLUDE_SOURCE;
				MTL_FAST_MATH = YES;
				ONLY_ACTIVE_ARCH = YES;
				SDKROOT = iphoneos;
				SWIFT_ACTIVE_COMPILATION_CONDITIONS = DEBUG;
				SWIFT_OPTIMIZATION_LEVEL = "-Onone";
			};
			name = Debug;
		};
		BF6616F4260B84FB00A3CB21 /* Release */ = {
			isa = XCBuildConfiguration;
			buildSettings = {
				ALWAYS_SEARCH_USER_PATHS = NO;
				CLANG_ANALYZER_NONNULL = YES;
				CLANG_ANALYZER_NUMBER_OBJECT_CONVERSION = YES_AGGRESSIVE;
				CLANG_CXX_LANGUAGE_STANDARD = "gnu++14";
				CLANG_CXX_LIBRARY = "libc++";
				CLANG_ENABLE_MODULES = YES;
				CLANG_ENABLE_OBJC_ARC = YES;
				CLANG_ENABLE_OBJC_WEAK = YES;
				CLANG_WARN_BLOCK_CAPTURE_AUTORELEASING = YES;
				CLANG_WARN_BOOL_CONVERSION = YES;
				CLANG_WARN_COMMA = YES;
				CLANG_WARN_CONSTANT_CONVERSION = YES;
				CLANG_WARN_DEPRECATED_OBJC_IMPLEMENTATIONS = YES;
				CLANG_WARN_DIRECT_OBJC_ISA_USAGE = YES_ERROR;
				CLANG_WARN_DOCUMENTATION_COMMENTS = YES;
				CLANG_WARN_EMPTY_BODY = YES;
				CLANG_WARN_ENUM_CONVERSION = YES;
				CLANG_WARN_INFINITE_RECURSION = YES;
				CLANG_WARN_INT_CONVERSION = YES;
				CLANG_WARN_NON_LITERAL_NULL_CONVERSION = YES;
				CLANG_WARN_OBJC_IMPLICIT_RETAIN_SELF = YES;
				CLANG_WARN_OBJC_LITERAL_CONVERSION = YES;
				CLANG_WARN_OBJC_ROOT_CLASS = YES_ERROR;
				CLANG_WARN_QUOTED_INCLUDE_IN_FRAMEWORK_HEADER = YES;
				CLANG_WARN_RANGE_LOOP_ANALYSIS = YES;
				CLANG_WARN_STRICT_PROTOTYPES = YES;
				CLANG_WARN_SUSPICIOUS_MOVE = YES;
				CLANG_WARN_UNGUARDED_AVAILABILITY = YES_AGGRESSIVE;
				CLANG_WARN_UNREACHABLE_CODE = YES;
				CLANG_WARN__DUPLICATE_METHOD_MATCH = YES;
				COPY_PHASE_STRIP = NO;
				DEBUG_INFORMATION_FORMAT = "dwarf-with-dsym";
				ENABLE_NS_ASSERTIONS = NO;
				ENABLE_STRICT_OBJC_MSGSEND = YES;
				GCC_C_LANGUAGE_STANDARD = gnu11;
				GCC_NO_COMMON_BLOCKS = YES;
				GCC_WARN_64_TO_32_BIT_CONVERSION = YES;
				GCC_WARN_ABOUT_RETURN_TYPE = YES_ERROR;
				GCC_WARN_UNDECLARED_SELECTOR = YES;
				GCC_WARN_UNINITIALIZED_AUTOS = YES_AGGRESSIVE;
				GCC_WARN_UNUSED_FUNCTION = YES;
				GCC_WARN_UNUSED_VARIABLE = YES;
				IPHONEOS_DEPLOYMENT_TARGET = 14.0;
				MTL_ENABLE_DEBUG_INFO = NO;
				MTL_FAST_MATH = YES;
				SDKROOT = iphoneos;
				SWIFT_COMPILATION_MODE = wholemodule;
				SWIFT_OPTIMIZATION_LEVEL = "-O";
				VALIDATE_PRODUCT = YES;
			};
			name = Release;
		};
		BF6616F6260B84FB00A3CB21 /* Debug */ = {
			isa = XCBuildConfiguration;
			buildSettings = {
				ASSETCATALOG_COMPILER_APPICON_NAME = AppIcon;
				ASSETCATALOG_COMPILER_GLOBAL_ACCENT_COLOR_NAME = AccentColor;
				CODE_SIGN_STYLE = Automatic;
				INFOPLIST_FILE = Tairi_ApplePie/Info.plist;
				LD_RUNPATH_SEARCH_PATHS = (
					"$(inherited)",
					"@executable_path/Frameworks",
				);
				PRODUCT_BUNDLE_IDENTIFIER = "appDev.Tairi-ApplePie";
				PRODUCT_NAME = "$(TARGET_NAME)";
				SWIFT_VERSION = 5.0;
				TARGETED_DEVICE_FAMILY = 2;
			};
			name = Debug;
		};
		BF6616F7260B84FB00A3CB21 /* Release */ = {
			isa = XCBuildConfiguration;
			buildSettings = {
				ASSETCATALOG_COMPILER_APPICON_NAME = AppIcon;
				ASSETCATALOG_COMPILER_GLOBAL_ACCENT_COLOR_NAME = AccentColor;
				CODE_SIGN_STYLE = Automatic;
				INFOPLIST_FILE = Tairi_ApplePie/Info.plist;
				LD_RUNPATH_SEARCH_PATHS = (
					"$(inherited)",
					"@executable_path/Frameworks",
				);
				PRODUCT_BUNDLE_IDENTIFIER = "appDev.Tairi-ApplePie";
				PRODUCT_NAME = "$(TARGET_NAME)";
				SWIFT_VERSION = 5.0;
				TARGETED_DEVICE_FAMILY = 2;
			};
			name = Release;
		};
/* End XCBuildConfiguration section */

/* Begin XCConfigurationList section */
		BF6616DC260B84F900A3CB21 /* Build configuration list for PBXProject "Tairi_ApplePie" */ = {
			isa = XCConfigurationList;
			buildConfigurations = (
				BF6616F3260B84FB00A3CB21 /* Debug */,
				BF6616F4260B84FB00A3CB21 /* Release */,
			);
			defaultConfigurationIsVisible = 0;
			defaultConfigurationName = Release;
		};
		BF6616F5260B84FB00A3CB21 /* Build configuration list for PBXNativeTarget "Tairi_ApplePie" */ = {
			isa = XCConfigurationList;
			buildConfigurations = (
				BF6616F6260B84FB00A3CB21 /* Debug */,
				BF6616F7260B84FB00A3CB21 /* Release */,
			);
			defaultConfigurationIsVisible = 0;
			defaultConfigurationName = Release;
		};
/* End XCConfigurationList section */
	};
	rootObject = BF6616D9260B84F900A3CB21 /* Project object */;
}
